
Microsoft Visual Studio Solution File, Format Version 11.00
# Visual Studio 2010
Project("{FAE04EC0-301F-11D3-BF4B-00C04F79EFBC}") = "EIPNET", "EIPNET.csproj", "{EBFD810F-E29A-4FFB-9242-104334398717}"
EndProject
Global
	GlobalSection(TeamFoundationVersionControl) = preSolution
		SccNumberOfProjects = 2
		SccEnterpriseProvider = {4CA58AB2-18FA-4F8D-95D4-32DDF27D184C}
		SccTeamFoundationServer = https://tfs.codeplex.com/tfs/tfs12
		SccLocalPath0 = .
		SccProjectUniqueName1 = EIPNET.csproj
		SccLocalPath1 = .
	EndGlobalSection
	GlobalSection(SolutionConfigurationPlatforms) = preSolution
		Debug|Any CPU = Debug|Any CPU
		Release|Any CPU = Release|Any CPU
	EndGlobalSection
	GlobalSection(ProjectConfigurationPlatforms) = postSolution
		{EBFD810F-E29A-4FFB-9242-104334398717}.Debug|Any CPU.ActiveCfg = Debug|Any CPU
		{EBFD810F-E29A-4FFB-9242-104334398717}.Debug|Any CPU.Build.0 = Debug|Any CPU
		{EBFD810F-E29A-4FFB-9242-104334398717}.Release|Any CPU.ActiveCfg = Release|Any CPU
		{EBFD810F-E29A-4FFB-9242-104334398717}.Release|Any CPU.Build.0 = Release|Any CPU
	EndGlobalSection
	GlobalSection(SolutionProperties) = preSolution
		HideSolutionNode = FALSE
	EndGlobalSection
EndGlobal
